
Microsoft Visual Studio Solution File, Format Version 12.00
# Visual Studio Version 17
VisualStudioVersion = 17.5.002.0
MinimumVisualStudioVersion = 10.0.40219.1
Project("{9A19103F-16F7-4668-BE54-9A1E7A4F7556}") = "tools-server", "tools-server\tools-server.csproj", "{0FCCB697-0497-43E6-9BDC-E01AA4CF12D6}"
EndProject
Global
	GlobalSection(SolutionConfigurationPlatforms) = preSolution
		Debug|Any CPU = Debug|Any CPU
		Release|Any CPU = Release|Any CPU
	EndGlobalSection
	GlobalSection(ProjectConfigurationPlatforms) = postSolution
		{0FCCB697-0497-43E6-9BDC-E01AA4CF12D6}.Debug|Any CPU.ActiveCfg = Debug|Any CPU
		{0FCCB697-0497-43E6-9BDC-E01AA4CF12D6}.Debug|Any CPU.Build.0 = Debug|Any CPU
		{0FCCB697-0497-43E6-9BDC-E01AA4CF12D6}.Release|Any CPU.ActiveCfg = Release|Any CPU
		{0FCCB697-0497-43E6-9BDC-E01AA4CF12D6}.Release|Any CPU.Build.0 = Release|Any CPU
	EndGlobalSection
	GlobalSection(SolutionProperties) = preSolution
		HideSolutionNode = FALSE
	EndGlobalSection
	GlobalSection(ExtensibilityGlobals) = postSolution
		SolutionGuid = {FD23A24B-5749-4371-98F7-35BC7252321B}
	EndGlobalSection
EndGlobal
